
Microsoft Visual Studio Solution File, Format Version 12.00
# Visual Studio Version 17
VisualStudioVersion = 17.7.34202.233
MinimumVisualStudioVersion = 10.0.40219.1
Project("{FAE04EC0-301F-11D3-BF4B-00C04F79EFBC}") = "BlazorSeverAPI", "BlazorSeverAPI.csproj", "{518BA2DA-BA03-4594-8834-5FE27440C8CC}"
EndProject
Global
	GlobalSection(SolutionConfigurationPlatforms) = preSolution
		Debug|Any CPU = Debug|Any CPU
		Release|Any CPU = Release|Any CPU
	EndGlobalSection
	GlobalSection(ProjectConfigurationPlatforms) = postSolution
		{518BA2DA-BA03-4594-8834-5FE27440C8CC}.Debug|Any CPU.ActiveCfg = Debug|Any CPU
		{518BA2DA-BA03-4594-8834-5FE27440C8CC}.Debug|Any CPU.Build.0 = Debug|Any CPU
		{518BA2DA-BA03-4594-8834-5FE27440C8CC}.Release|Any CPU.ActiveCfg = Release|Any CPU
		{518BA2DA-BA03-4594-8834-5FE27440C8CC}.Release|Any CPU.Build.0 = Release|Any CPU
	EndGlobalSection
	GlobalSection(SolutionProperties) = preSolution
		HideSolutionNode = FALSE
	EndGlobalSection
	GlobalSection(ExtensibilityGlobals) = postSolution
		SolutionGuid = {CC286308-7615-44EA-AEB7-EAA0BC44A08A}
	EndGlobalSection
EndGlobal
